
Microsoft Visual Studio Solution File, Format Version 12.00
# Visual Studio Version 16
VisualStudioVersion = 16.0.810.25
MinimumVisualStudioVersion = 10.0.40219.1
Project("{FAE04EC0-301F-11D3-BF4B-00C04F79EFBC}") = "Street", "Street.csproj", "{EAF7E0E5-980E-422D-855D-9C6E70EF422F}"
EndProject
Global
	GlobalSection(SolutionConfigurationPlatforms) = preSolution
		Debug|Any CPU = Debug|Any CPU
		Release|Any CPU = Release|Any CPU
	EndGlobalSection
	GlobalSection(ProjectConfigurationPlatforms) = postSolution
		{EAF7E0E5-980E-422D-855D-9C6E70EF422F}.Debug|Any CPU.ActiveCfg = Debug|Any CPU
		{EAF7E0E5-980E-422D-855D-9C6E70EF422F}.Debug|Any CPU.Build.0 = Debug|Any CPU
		{EAF7E0E5-980E-422D-855D-9C6E70EF422F}.Release|Any CPU.ActiveCfg = Release|Any CPU
		{EAF7E0E5-980E-422D-855D-9C6E70EF422F}.Release|Any CPU.Build.0 = Release|Any CPU
	EndGlobalSection
	GlobalSection(SolutionProperties) = preSolution
		HideSolutionNode = FALSE
	EndGlobalSection
	GlobalSection(ExtensibilityGlobals) = postSolution
		SolutionGuid = {955BF2EB-53E7-4B0F-82EF-90C0DCFD82A3}
	EndGlobalSection
EndGlobal
